// !$*UTF8*$!
{
	archiveVersion = 1;
	classes = {
	};
	objectVersion = 56;
	objects = {

/* Begin PBXBuildFile section */
		B1DC4B112B262B6100242D96 /* CurrentWeatherScreenView.swift in Sources */ = {isa = PBXBuildFile; fileRef = B1DC4B102B262B6100242D96 /* CurrentWeatherScreenView.swift */; };
		B1DC4B162B2640C600242D96 /* Configuration.swift in Sources */ = {isa = PBXBuildFile; fileRef = B1DC4B152B2640C600242D96 /* Configuration.swift */; };
		B1DC4B192B26466400242D96 /* CurrentWeatherData.swift in Sources */ = {isa = PBXBuildFile; fileRef = B1DC4B182B26466400242D96 /* CurrentWeatherData.swift */; };
		B1DC4B1C2B26498F00242D96 /* CurrentWeatherScreenViewModel.swift in Sources */ = {isa = PBXBuildFile; fileRef = B1DC4B1B2B26498F00242D96 /* CurrentWeatherScreenViewModel.swift */; };
		B1DC4B1E2B264B2B00242D96 /* CurrentWeatherModel.swift in Sources */ = {isa = PBXBuildFile; fileRef = B1DC4B1D2B264B2B00242D96 /* CurrentWeatherModel.swift */; };
		B1DC4B212B27728E00242D96 /* LocationManager.swift in Sources */ = {isa = PBXBuildFile; fileRef = B1DC4B202B27728E00242D96 /* LocationManager.swift */; };
		B1DEC4382B14F64B00DBDFF8 /* Weather_AppApp.swift in Sources */ = {isa = PBXBuildFile; fileRef = B1DEC4372B14F64B00DBDFF8 /* Weather_AppApp.swift */; };
		B1DEC43C2B14F64C00DBDFF8 /* Assets.xcassets in Resources */ = {isa = PBXBuildFile; fileRef = B1DEC43B2B14F64C00DBDFF8 /* Assets.xcassets */; };
		B1DEC43F2B14F64C00DBDFF8 /* Preview Assets.xcassets in Resources */ = {isa = PBXBuildFile; fileRef = B1DEC43E2B14F64C00DBDFF8 /* Preview Assets.xcassets */; };
/* End PBXBuildFile section */

/* Begin PBXFileReference section */
		B1DC4B102B262B6100242D96 /* CurrentWeatherScreenView.swift */ = {isa = PBXFileReference; lastKnownFileType = sourcecode.swift; path = CurrentWeatherScreenView.swift; sourceTree = "<group>"; };
		B1DC4B132B263E6400242D96 /* Config.xcconfig */ = {isa = PBXFileReference; lastKnownFileType = text.xcconfig; path = Config.xcconfig; sourceTree = "<group>"; };
		B1DC4B142B26401500242D96 /* Weather-App-Info.plist */ = {isa = PBXFileReference; lastKnownFileType = text.plist.xml; name = "Weather-App-Info.plist"; path = "Weather App/Weather-App-Info.plist"; sourceTree = SOURCE_ROOT; };
		B1DC4B152B2640C600242D96 /* Configuration.swift */ = {isa = PBXFileReference; lastKnownFileType = sourcecode.swift; path = Configuration.swift; sourceTree = "<group>"; };
		B1DC4B182B26466400242D96 /* CurrentWeatherData.swift */ = {isa = PBXFileReference; lastKnownFileType = sourcecode.swift; path = CurrentWeatherData.swift; sourceTree = "<group>"; };
		B1DC4B1B2B26498F00242D96 /* CurrentWeatherScreenViewModel.swift */ = {isa = PBXFileReference; lastKnownFileType = sourcecode.swift; path = CurrentWeatherScreenViewModel.swift; sourceTree = "<group>"; };
		B1DC4B1D2B264B2B00242D96 /* CurrentWeatherModel.swift */ = {isa = PBXFileReference; lastKnownFileType = sourcecode.swift; path = CurrentWeatherModel.swift; sourceTree = "<group>"; };
		B1DC4B202B27728E00242D96 /* LocationManager.swift */ = {isa = PBXFileReference; lastKnownFileType = sourcecode.swift; path = LocationManager.swift; sourceTree = "<group>"; };
		B1DEC4342B14F64B00DBDFF8 /* Weather App.app */ = {isa = PBXFileReference; explicitFileType = wrapper.application; includeInIndex = 0; path = "Weather App.app"; sourceTree = BUILT_PRODUCTS_DIR; };
		B1DEC4372B14F64B00DBDFF8 /* Weather_AppApp.swift */ = {isa = PBXFileReference; lastKnownFileType = sourcecode.swift; path = Weather_AppApp.swift; sourceTree = "<group>"; };
		B1DEC43B2B14F64C00DBDFF8 /* Assets.xcassets */ = {isa = PBXFileReference; lastKnownFileType = folder.assetcatalog; path = Assets.xcassets; sourceTree = "<group>"; };
		B1DEC43E2B14F64C00DBDFF8 /* Preview Assets.xcassets */ = {isa = PBXFileReference; lastKnownFileType = folder.assetcatalog; path = "Preview Assets.xcassets"; sourceTree = "<group>"; };
/* End PBXFileReference section */

/* Begin PBXFrameworksBuildPhase section */
		B1DEC4312B14F64B00DBDFF8 /* Frameworks */ = {
			isa = PBXFrameworksBuildPhase;
			buildActionMask = 2147483647;
			files = (
			);
			runOnlyForDeploymentPostprocessing = 0;
		};
/* End PBXFrameworksBuildPhase section */

/* Begin PBXGroup section */
		B1DC4B122B262B9500242D96 /* Views */ = {
			isa = PBXGroup;
			children = (
				B1DC4B102B262B6100242D96 /* CurrentWeatherScreenView.swift */,
			);
			path = Views;
			sourceTree = "<group>";
		};
		B1DC4B172B2644B700242D96 /* Configuration */ = {
			isa = PBXGroup;
			children = (
				B1DC4B132B263E6400242D96 /* Config.xcconfig */,
				B1DC4B152B2640C600242D96 /* Configuration.swift */,
			);
			path = Configuration;
			sourceTree = "<group>";
		};
		B1DC4B1A2B2648B400242D96 /* Data */ = {
			isa = PBXGroup;
			children = (
				B1DC4B182B26466400242D96 /* CurrentWeatherData.swift */,
			);
			path = Data;
			sourceTree = "<group>";
		};
		B1DC4B1F2B27727C00242D96 /* ViewModels */ = {
			isa = PBXGroup;
			children = (
				B1DC4B1B2B26498F00242D96 /* CurrentWeatherScreenViewModel.swift */,
			);
			path = ViewModels;
			sourceTree = "<group>";
		};
		B1DC4B222B27745400242D96 /* Models */ = {
			isa = PBXGroup;
			children = (
				B1DC4B1D2B264B2B00242D96 /* CurrentWeatherModel.swift */,
			);
			path = Models;
			sourceTree = "<group>";
		};
		B1DC4B232B277A4800242D96 /* Utilities */ = {
			isa = PBXGroup;
			children = (
				B1DC4B202B27728E00242D96 /* LocationManager.swift */,
			);
			path = Utilities;
			sourceTree = "<group>";
		};
		B1DEC42B2B14F64B00DBDFF8 = {
			isa = PBXGroup;
			children = (
				B1DEC4362B14F64B00DBDFF8 /* Weather App */,
				B1DEC4352B14F64B00DBDFF8 /* Products */,
			);
			sourceTree = "<group>";
		};
		B1DEC4352B14F64B00DBDFF8 /* Products */ = {
			isa = PBXGroup;
			children = (
				B1DEC4342B14F64B00DBDFF8 /* Weather App.app */,
			);
			name = Products;
			sourceTree = "<group>";
		};
		B1DEC4362B14F64B00DBDFF8 /* Weather App */ = {
			isa = PBXGroup;
			children = (
				B1DEC4372B14F64B00DBDFF8 /* Weather_AppApp.swift */,
				B1DC4B232B277A4800242D96 /* Utilities */,
				B1DC4B1A2B2648B400242D96 /* Data */,
				B1DC4B222B27745400242D96 /* Models */,
				B1DC4B122B262B9500242D96 /* Views */,
				B1DC4B1F2B27727C00242D96 /* ViewModels */,
				B1DEC43B2B14F64C00DBDFF8 /* Assets.xcassets */,
				B1DEC43D2B14F64C00DBDFF8 /* Preview Content */,
				B1DC4B172B2644B700242D96 /* Configuration */,
				B1DC4B142B26401500242D96 /* Weather-App-Info.plist */,
			);
			path = "Weather App";
			sourceTree = "<group>";
		};
		B1DEC43D2B14F64C00DBDFF8 /* Preview Content */ = {
			isa = PBXGroup;
			children = (
				B1DEC43E2B14F64C00DBDFF8 /* Preview Assets.xcassets */,
			);
			path = "Preview Content";
			sourceTree = "<group>";
		};
/* End PBXGroup section */

/* Begin PBXNativeTarget section */
		B1DEC4332B14F64B00DBDFF8 /* Weather App */ = {
			isa = PBXNativeTarget;
			buildConfigurationList = B1DEC4422B14F64C00DBDFF8 /* Build configuration list for PBXNativeTarget "Weather App" */;
			buildPhases = (
				B1DEC4302B14F64B00DBDFF8 /* Sources */,
				B1DEC4312B14F64B00DBDFF8 /* Frameworks */,
				B1DEC4322B14F64B00DBDFF8 /* Resources */,
			);
			buildRules = (
			);
			dependencies = (
			);
			name = "Weather App";
			productName = "Weather App";
			productReference = B1DEC4342B14F64B00DBDFF8 /* Weather App.app */;
			productType = "com.apple.product-type.application";
		};
/* End PBXNativeTarget section */

/* Begin PBXProject section */
		B1DEC42C2B14F64B00DBDFF8 /* Project object */ = {
			isa = PBXProject;
			attributes = {
				BuildIndependentTargetsInParallel = 1;
				LastSwiftUpdateCheck = 1500;
				LastUpgradeCheck = 1500;
				TargetAttributes = {
					B1DEC4332B14F64B00DBDFF8 = {
						CreatedOnToolsVersion = 15.0.1;
					};
				};
			};
			buildConfigurationList = B1DEC42F2B14F64B00DBDFF8 /* Build configuration list for PBXProject "Weather App" */;
			compatibilityVersion = "Xcode 14.0";
			developmentRegion = en;
			hasScannedForEncodings = 0;
			knownRegions = (
				en,
				Base,
			);
			mainGroup = B1DEC42B2B14F64B00DBDFF8;
			productRefGroup = B1DEC4352B14F64B00DBDFF8 /* Products */;
			projectDirPath = "";
			projectRoot = "";
			targets = (
				B1DEC4332B14F64B00DBDFF8 /* Weather App */,
			);
		};
/* End PBXProject section */

/* Begin PBXResourcesBuildPhase section */
		B1DEC4322B14F64B00DBDFF8 /* Resources */ = {
			isa = PBXResourcesBuildPhase;
			buildActionMask = 2147483647;
			files = (
				B1DEC43F2B14F64C00DBDFF8 /* Preview Assets.xcassets in Resources */,
				B1DEC43C2B14F64C00DBDFF8 /* Assets.xcassets in Resources */,
			);
			runOnlyForDeploymentPostprocessing = 0;
		};
/* End PBXResourcesBuildPhase section */

/* Begin PBXSourcesBuildPhase section */
		B1DEC4302B14F64B00DBDFF8 /* Sources */ = {
			isa = PBXSourcesBuildPhase;
			buildActionMask = 2147483647;
			files = (
				B1DC4B192B26466400242D96 /* CurrentWeatherData.swift in Sources */,
				B1DC4B162B2640C600242D96 /* Configuration.swift in Sources */,
				B1DC4B1E2B264B2B00242D96 /* CurrentWeatherModel.swift in Sources */,
				B1DC4B212B27728E00242D96 /* LocationManager.swift in Sources */,
				B1DC4B112B262B6100242D96 /* CurrentWeatherScreenView.swift in Sources */,
				B1DEC4382B14F64B00DBDFF8 /* Weather_AppApp.swift in Sources */,
				B1DC4B1C2B26498F00242D96 /* CurrentWeatherScreenViewModel.swift in Sources */,
			);
			runOnlyForDeploymentPostprocessing = 0;
		};
/* End PBXSourcesBuildPhase section */

/* Begin XCBuildConfiguration section */
		B1DEC4402B14F64C00DBDFF8 /* Debug */ = {
			isa = XCBuildConfiguration;
			baseConfigurationReference = B1DC4B132B263E6400242D96 /* Config.xcconfig */;
			buildSettings = {
				ALWAYS_SEARCH_USER_PATHS = NO;
				ASSETCATALOG_COMPILER_GENERATE_SWIFT_ASSET_SYMBOL_EXTENSIONS = YES;
				CLANG_ANALYZER_NONNULL = YES;
				CLANG_ANALYZER_NUMBER_OBJECT_CONVERSION = YES_AGGRESSIVE;
				CLANG_CXX_LANGUAGE_STANDARD = "gnu++20";
				CLANG_ENABLE_MODULES = YES;
				CLANG_ENABLE_OBJC_ARC = YES;
				CLANG_ENABLE_OBJC_WEAK = YES;
				CLANG_WARN_BLOCK_CAPTURE_AUTORELEASING = YES;
				CLANG_WARN_BOOL_CONVERSION = YES;
				CLANG_WARN_COMMA = YES;
				CLANG_WARN_CONSTANT_CONVERSION = YES;
				CLANG_WARN_DEPRECATED_OBJC_IMPLEMENTATIONS = YES;
				CLANG_WARN_DIRECT_OBJC_ISA_USAGE = YES_ERROR;
				CLANG_WARN_DOCUMENTATION_COMMENTS = YES;
				CLANG_WARN_EMPTY_BODY = YES;
				CLANG_WARN_ENUM_CONVERSION = YES;
				CLANG_WARN_INFINITE_RECURSION = YES;
				CLANG_WARN_INT_CONVERSION = YES;
				CLANG_WARN_NON_LITERAL_NULL_CONVERSION = YES;
				CLANG_WARN_OBJC_IMPLICIT_RETAIN_SELF = YES;
				CLANG_WARN_OBJC_LITERAL_CONVERSION = YES;
				CLANG_WARN_OBJC_ROOT_CLASS = YES_ERROR;
				CLANG_WARN_QUOTED_INCLUDE_IN_FRAMEWORK_HEADER = YES;
				CLANG_WARN_RANGE_LOOP_ANALYSIS = YES;
				CLANG_WARN_STRICT_PROTOTYPES = YES;
				CLANG_WARN_SUSPICIOUS_MOVE = YES;
				CLANG_WARN_UNGUARDED_AVAILABILITY = YES_AGGRESSIVE;
				CLANG_WARN_UNREACHABLE_CODE = YES;
				CLANG_WARN__DUPLICATE_METHOD_MATCH = YES;
				COPY_PHASE_STRIP = NO;
				DEBUG_INFORMATION_FORMAT = dwarf;
				ENABLE_STRICT_OBJC_MSGSEND = YES;
				ENABLE_TESTABILITY = YES;
				ENABLE_USER_SCRIPT_SANDBOXING = YES;
				GCC_C_LANGUAGE_STANDARD = gnu17;
				GCC_DYNAMIC_NO_PIC = NO;
				GCC_NO_COMMON_BLOCKS = YES;
				GCC_OPTIMIZATION_LEVEL = 0;
				GCC_PREPROCESSOR_DEFINITIONS = (
					"DEBUG=1",
					"$(inherited)",
				);
				GCC_WARN_64_TO_32_BIT_CONVERSION = YES;
				GCC_WARN_ABOUT_RETURN_TYPE = YES_ERROR;
				GCC_WARN_UNDECLARED_SELECTOR = YES;
				GCC_WARN_UNINITIALIZED_AUTOS = YES_AGGRESSIVE;
				GCC_WARN_UNUSED_FUNCTION = YES;
				GCC_WARN_UNUSED_VARIABLE = YES;
				IPHONEOS_DEPLOYMENT_TARGET = 17.0;
				LOCALIZATION_PREFERS_STRING_CATALOGS = YES;
				MTL_ENABLE_DEBUG_INFO = INCLUDE_SOURCE;
				MTL_FAST_MATH = YES;
				ONLY_ACTIVE_ARCH = YES;
				SDKROOT = iphoneos;
				SWIFT_ACTIVE_COMPILATION_CONDITIONS = "DEBUG $(inherited)";
				SWIFT_OPTIMIZATION_LEVEL = "-Onone";
			};
			name = Debug;
		};
		B1DEC4412B14F64C00DBDFF8 /* Release */ = {
			isa = XCBuildConfiguration;
			baseConfigurationReference = B1DC4B132B263E6400242D96 /* Config.xcconfig */;
			buildSettings = {
				ALWAYS_SEARCH_USER_PATHS = NO;
				ASSETCATALOG_COMPILER_GENERATE_SWIFT_ASSET_SYMBOL_EXTENSIONS = YES;
				CLANG_ANALYZER_NONNULL = YES;
				CLANG_ANALYZER_NUMBER_OBJECT_CONVERSION = YES_AGGRESSIVE;
				CLANG_CXX_LANGUAGE_STANDARD = "gnu++20";
				CLANG_ENABLE_MODULES = YES;
				CLANG_ENABLE_OBJC_ARC = YES;
				CLANG_ENABLE_OBJC_WEAK = YES;
				CLANG_WARN_BLOCK_CAPTURE_AUTORELEASING = YES;
				CLANG_WARN_BOOL_CONVERSION = YES;
				CLANG_WARN_COMMA = YES;
				CLANG_WARN_CONSTANT_CONVERSION = YES;
				CLANG_WARN_DEPRECATED_OBJC_IMPLEMENTATIONS = YES;
				CLANG_WARN_DIRECT_OBJC_ISA_USAGE = YES_ERROR;
				CLANG_WARN_DOCUMENTATION_COMMENTS = YES;
				CLANG_WARN_EMPTY_BODY = YES;
				CLANG_WARN_ENUM_CONVERSION = YES;
				CLANG_WARN_INFINITE_RECURSION = YES;
				CLANG_WARN_INT_CONVERSION = YES;
				CLANG_WARN_NON_LITERAL_NULL_CONVERSION = YES;
				CLANG_WARN_OBJC_IMPLICIT_RETAIN_SELF = YES;
				CLANG_WARN_OBJC_LITERAL_CONVERSION = YES;
				CLANG_WARN_OBJC_ROOT_CLASS = YES_ERROR;
				CLANG_WARN_QUOTED_INCLUDE_IN_FRAMEWORK_HEADER = YES;
				CLANG_WARN_RANGE_LOOP_ANALYSIS = YES;
				CLANG_WARN_STRICT_PROTOTYPES = YES;
				CLANG_WARN_SUSPICIOUS_MOVE = YES;
				CLANG_WARN_UNGUARDED_AVAILABILITY = YES_AGGRESSIVE;
				CLANG_WARN_UNREACHABLE_CODE = YES;
				CLANG_WARN__DUPLICATE_METHOD_MATCH = YES;
				COPY_PHASE_STRIP = NO;
				DEBUG_INFORMATION_FORMAT = "dwarf-with-dsym";
				ENABLE_NS_ASSERTIONS = NO;
				ENABLE_STRICT_OBJC_MSGSEND = YES;
				ENABLE_USER_SCRIPT_SANDBOXING = YES;
				GCC_C_LANGUAGE_STANDARD = gnu17;
				GCC_NO_COMMON_BLOCKS = YES;
				GCC_WARN_64_TO_32_BIT_CONVERSION = YES;
				GCC_WARN_ABOUT_RETURN_TYPE = YES_ERROR;
				GCC_WARN_UNDECLARED_SELECTOR = YES;
				GCC_WARN_UNINITIALIZED_AUTOS = YES_AGGRESSIVE;
				GCC_WARN_UNUSED_FUNCTION = YES;
				GCC_WARN_UNUSED_VARIABLE = YES;
				IPHONEOS_DEPLOYMENT_TARGET = 17.0;
				LOCALIZATION_PREFERS_STRING_CATALOGS = YES;
				MTL_ENABLE_DEBUG_INFO = NO;
				MTL_FAST_MATH = YES;
				SDKROOT = iphoneos;
				SWIFT_COMPILATION_MODE = wholemodule;
				VALIDATE_PRODUCT = YES;
			};
			name = Release;
		};
		B1DEC4432B14F64C00DBDFF8 /* Debug */ = {
			isa = XCBuildConfiguration;
			buildSettings = {
				ASSETCATALOG_COMPILER_APPICON_NAME = AppIcon;
				ASSETCATALOG_COMPILER_GLOBAL_ACCENT_COLOR_NAME = AccentColor;
				CODE_SIGN_STYLE = Automatic;
				CURRENT_PROJECT_VERSION = 1;
				DEVELOPMENT_ASSET_PATHS = "\"Weather App/Preview Content\"";
				DEVELOPMENT_TEAM = L892Z2WW5T;
				ENABLE_PREVIEWS = YES;
				GENERATE_INFOPLIST_FILE = YES;
				INFOPLIST_FILE = "Weather App/Weather-App-Info.plist";
				INFOPLIST_KEY_LSApplicationCategoryType = "";
				INFOPLIST_KEY_UIApplicationSceneManifest_Generation = YES;
				INFOPLIST_KEY_UIApplicationSupportsIndirectInputEvents = YES;
				INFOPLIST_KEY_UILaunchScreen_Generation = YES;
				INFOPLIST_KEY_UISupportedInterfaceOrientations_iPad = "UIInterfaceOrientationPortrait UIInterfaceOrientationPortraitUpsideDown UIInterfaceOrientationLandscapeLeft UIInterfaceOrientationLandscapeRight";
				INFOPLIST_KEY_UISupportedInterfaceOrientations_iPhone = "UIInterfaceOrientationPortrait UIInterfaceOrientationLandscapeLeft UIInterfaceOrientationLandscapeRight";
				LD_RUNPATH_SEARCH_PATHS = (
					"$(inherited)",
					"@executable_path/Frameworks",
				);
				MARKETING_VERSION = 1.0;
				PRODUCT_BUNDLE_IDENTIFIER = "com.nicknkls.Weather-App";
				PRODUCT_NAME = "$(TARGET_NAME)";
				SWIFT_EMIT_LOC_STRINGS = YES;
				SWIFT_VERSION = 5.0;
				TARGETED_DEVICE_FAMILY = "1,2";
			};
			name = Debug;
		};
		B1DEC4442B14F64C00DBDFF8 /* Release */ = {
			isa = XCBuildConfiguration;
			buildSettings = {
				ASSETCATALOG_COMPILER_APPICON_NAME = AppIcon;
				ASSETCATALOG_COMPILER_GLOBAL_ACCENT_COLOR_NAME = AccentColor;
				CODE_SIGN_STYLE = Automatic;
				CURRENT_PROJECT_VERSION = 1;
				DEVELOPMENT_ASSET_PATHS = "\"Weather App/Preview Content\"";
				DEVELOPMENT_TEAM = L892Z2WW5T;
				ENABLE_PREVIEWS = YES;
				GENERATE_INFOPLIST_FILE = YES;
				INFOPLIST_FILE = "Weather App/Weather-App-Info.plist";
				INFOPLIST_KEY_LSApplicationCategoryType = "";
				INFOPLIST_KEY_UIApplicationSceneManifest_Generation = YES;
				INFOPLIST_KEY_UIApplicationSupportsIndirectInputEvents = YES;
				INFOPLIST_KEY_UILaunchScreen_Generation = YES;
				INFOPLIST_KEY_UISupportedInterfaceOrientations_iPad = "UIInterfaceOrientationPortrait UIInterfaceOrientationPortraitUpsideDown UIInterfaceOrientationLandscapeLeft UIInterfaceOrientationLandscapeRight";
				INFOPLIST_KEY_UISupportedInterfaceOrientations_iPhone = "UIInterfaceOrientationPortrait UIInterfaceOrientationLandscapeLeft UIInterfaceOrientationLandscapeRight";
				LD_RUNPATH_SEARCH_PATHS = (
					"$(inherited)",
					"@executable_path/Frameworks",
				);
				MARKETING_VERSION = 1.0;
				PRODUCT_BUNDLE_IDENTIFIER = "com.nicknkls.Weather-App";
				PRODUCT_NAME = "$(TARGET_NAME)";
				SWIFT_EMIT_LOC_STRINGS = YES;
				SWIFT_VERSION = 5.0;
				TARGETED_DEVICE_FAMILY = "1,2";
			};
			name = Release;
		};
/* End XCBuildConfiguration section */

/* Begin XCConfigurationList section */
		B1DEC42F2B14F64B00DBDFF8 /* Build configuration list for PBXProject "Weather App" */ = {
			isa = XCConfigurationList;
			buildConfigurations = (
				B1DEC4402B14F64C00DBDFF8 /* Debug */,
				B1DEC4412B14F64C00DBDFF8 /* Release */,
			);
			defaultConfigurationIsVisible = 0;
			defaultConfigurationName = Release;
		};
		B1DEC4422B14F64C00DBDFF8 /* Build configuration list for PBXNativeTarget "Weather App" */ = {
			isa = XCConfigurationList;
			buildConfigurations = (
				B1DEC4432B14F64C00DBDFF8 /* Debug */,
				B1DEC4442B14F64C00DBDFF8 /* Release */,
			);
			defaultConfigurationIsVisible = 0;
			defaultConfigurationName = Release;
		};
/* End XCConfigurationList section */
	};
	rootObject = B1DEC42C2B14F64B00DBDFF8 /* Project object */;
}
